
Microsoft Visual Studio Solution File, Format Version 12.00
# Visual Studio Version 16
VisualStudioVersion = 16.0.33214.272
MinimumVisualStudioVersion = 10.0.40219.1
Project("{00D1A9C2-B5F0-4AF3-8072-F6C62B433612}") = "SSDTGithub", "SSDTGithub\SSDTGithub.sqlproj", "{90DCFA3C-85B1-498B-85A7-FE22C31FD07F}"
EndProject
Global
	GlobalSection(SolutionConfigurationPlatforms) = preSolution
		Debug|Any CPU = Debug|Any CPU
		Release|Any CPU = Release|Any CPU
	EndGlobalSection
	GlobalSection(ProjectConfigurationPlatforms) = postSolution
		{90DCFA3C-85B1-498B-85A7-FE22C31FD07F}.Debug|Any CPU.ActiveCfg = Debug|Any CPU
		{90DCFA3C-85B1-498B-85A7-FE22C31FD07F}.Debug|Any CPU.Build.0 = Debug|Any CPU
		{90DCFA3C-85B1-498B-85A7-FE22C31FD07F}.Debug|Any CPU.Deploy.0 = Debug|Any CPU
		{90DCFA3C-85B1-498B-85A7-FE22C31FD07F}.Release|Any CPU.ActiveCfg = Release|Any CPU
		{90DCFA3C-85B1-498B-85A7-FE22C31FD07F}.Release|Any CPU.Build.0 = Release|Any CPU
		{90DCFA3C-85B1-498B-85A7-FE22C31FD07F}.Release|Any CPU.Deploy.0 = Release|Any CPU
	EndGlobalSection
	GlobalSection(SolutionProperties) = preSolution
		HideSolutionNode = FALSE
	EndGlobalSection
	GlobalSection(ExtensibilityGlobals) = postSolution
		SolutionGuid = {2A64EBE3-C02F-45B9-BF58-626BEF12F2B9}
	EndGlobalSection
EndGlobal
